// !$*UTF8*$!
{
	archiveVersion = 1;
	classes = {
	};
	objectVersion = 55;
	objects = {

/* Begin PBXBuildFile section */
		160537CE279DB8F900AC37BE /* User.swift in Sources */ = {isa = PBXBuildFile; fileRef = 160537CD279DB8F900AC37BE /* User.swift */; };
		160537D0279DB90A00AC37BE /* Group.swift in Sources */ = {isa = PBXBuildFile; fileRef = 160537CF279DB90A00AC37BE /* Group.swift */; };
		160537D6279EBD1A00AC37BE /* DataManager.swift in Sources */ = {isa = PBXBuildFile; fileRef = 160537D5279EBD1A00AC37BE /* DataManager.swift */; };
		160537D8279EE45E00AC37BE /* PhotosCollectionViewController.swift in Sources */ = {isa = PBXBuildFile; fileRef = 160537D7279EE45E00AC37BE /* PhotosCollectionViewController.swift */; };
		160537DD279EFD3100AC37BE /* PhotosCollectionViewCell.swift in Sources */ = {isa = PBXBuildFile; fileRef = 160537DB279EFD3100AC37BE /* PhotosCollectionViewCell.swift */; };
		160537DE279EFD3100AC37BE /* PhotosCollectionViewCell.xib in Resources */ = {isa = PBXBuildFile; fileRef = 160537DC279EFD3100AC37BE /* PhotosCollectionViewCell.xib */; };
		160537E227A052BA00AC37BE /* UserGroupTableViewController.swift in Sources */ = {isa = PBXBuildFile; fileRef = 160537E127A052BA00AC37BE /* UserGroupTableViewController.swift */; };
		160537E427A13CDC00AC37BE /* AllGroupListTableViewController.swift in Sources */ = {isa = PBXBuildFile; fileRef = 160537E327A13CDC00AC37BE /* AllGroupListTableViewController.swift */; };
		160C311D27A678F7002B24E2 /* FriendsListTableViewCell.swift in Sources */ = {isa = PBXBuildFile; fileRef = 160C311B27A678F7002B24E2 /* FriendsListTableViewCell.swift */; };
		160C311E27A678F7002B24E2 /* FriendsListTableViewCell.xib in Resources */ = {isa = PBXBuildFile; fileRef = 160C311C27A678F7002B24E2 /* FriendsListTableViewCell.xib */; };
		160C312027A69E3F002B24E2 /* ProfilePhotoShadow.swift in Sources */ = {isa = PBXBuildFile; fileRef = 160C311F27A69E3E002B24E2 /* ProfilePhotoShadow.swift */; };
		160C312227A6B6C3002B24E2 /* ProfileViewController.swift in Sources */ = {isa = PBXBuildFile; fileRef = 160C312127A6B6C3002B24E2 /* ProfileViewController.swift */; };
		160C312427A701E2002B24E2 /* AlphabetUiControl.swift in Sources */ = {isa = PBXBuildFile; fileRef = 160C312327A701E2002B24E2 /* AlphabetUiControl.swift */; };
		164175B227AFB87B002C62A8 /* PostNews.swift in Sources */ = {isa = PBXBuildFile; fileRef = 164175B127AFB87B002C62A8 /* PostNews.swift */; };
		164175B527AFB9BA002C62A8 /* NewsTableViewController.swift in Sources */ = {isa = PBXBuildFile; fileRef = 164175B427AFB9BA002C62A8 /* NewsTableViewController.swift */; };
		164175B727AFBAF1002C62A8 /* NewsTableViewCell.swift in Sources */ = {isa = PBXBuildFile; fileRef = 164175B627AFBAF1002C62A8 /* NewsTableViewCell.swift */; };
		164175B927AFC3A9002C62A8 /* AvatarView.swift in Sources */ = {isa = PBXBuildFile; fileRef = 164175B827AFC3A9002C62A8 /* AvatarView.swift */; };
		164175BB27AFCEF8002C62A8 /* LoadingView.swift in Sources */ = {isa = PBXBuildFile; fileRef = 164175BA27AFCEF8002C62A8 /* LoadingView.swift */; };
		164175BD27AFD022002C62A8 /* test.swift in Sources */ = {isa = PBXBuildFile; fileRef = 164175BC27AFD022002C62A8 /* test.swift */; };
		1677464227A7E6FC00C88929 /* LikeControl.swift in Sources */ = {isa = PBXBuildFile; fileRef = 1677464127A7E6FC00C88929 /* LikeControl.swift */; };
		169318AB27944B310071AB22 /* FriendsTableViewController.swift in Sources */ = {isa = PBXBuildFile; fileRef = 169318AA27944B310071AB22 /* FriendsTableViewController.swift */; };
		16BEB5FB278365DB00DD085E /* AppDelegate.swift in Sources */ = {isa = PBXBuildFile; fileRef = 16BEB5FA278365DB00DD085E /* AppDelegate.swift */; };
		16BEB5FD278365DB00DD085E /* SceneDelegate.swift in Sources */ = {isa = PBXBuildFile; fileRef = 16BEB5FC278365DB00DD085E /* SceneDelegate.swift */; };
		16BEB5FF278365DB00DD085E /* LoginViewController.swift in Sources */ = {isa = PBXBuildFile; fileRef = 16BEB5FE278365DB00DD085E /* LoginViewController.swift */; };
		16BEB602278365DB00DD085E /* Main.storyboard in Resources */ = {isa = PBXBuildFile; fileRef = 16BEB600278365DB00DD085E /* Main.storyboard */; };
		16BEB604278365DC00DD085E /* Assets.xcassets in Resources */ = {isa = PBXBuildFile; fileRef = 16BEB603278365DC00DD085E /* Assets.xcassets */; };
		16BEB607278365DC00DD085E /* LaunchScreen.storyboard in Resources */ = {isa = PBXBuildFile; fileRef = 16BEB605278365DC00DD085E /* LaunchScreen.storyboard */; };
/* End PBXBuildFile section */

/* Begin PBXFileReference section */
		160537CD279DB8F900AC37BE /* User.swift */ = {isa = PBXFileReference; lastKnownFileType = sourcecode.swift; path = User.swift; sourceTree = "<group>"; };
		160537CF279DB90A00AC37BE /* Group.swift */ = {isa = PBXFileReference; lastKnownFileType = sourcecode.swift; path = Group.swift; sourceTree = "<group>"; };
		160537D5279EBD1A00AC37BE /* DataManager.swift */ = {isa = PBXFileReference; lastKnownFileType = sourcecode.swift; path = DataManager.swift; sourceTree = "<group>"; };
		160537D7279EE45E00AC37BE /* PhotosCollectionViewController.swift */ = {isa = PBXFileReference; lastKnownFileType = sourcecode.swift; path = PhotosCollectionViewController.swift; sourceTree = "<group>"; };
		160537DB279EFD3100AC37BE /* PhotosCollectionViewCell.swift */ = {isa = PBXFileReference; lastKnownFileType = sourcecode.swift; path = PhotosCollectionViewCell.swift; sourceTree = "<group>"; };
		160537DC279EFD3100AC37BE /* PhotosCollectionViewCell.xib */ = {isa = PBXFileReference; lastKnownFileType = file.xib; path = PhotosCollectionViewCell.xib; sourceTree = "<group>"; };
		160537E127A052BA00AC37BE /* UserGroupTableViewController.swift */ = {isa = PBXFileReference; lastKnownFileType = sourcecode.swift; path = UserGroupTableViewController.swift; sourceTree = "<group>"; };
		160537E327A13CDC00AC37BE /* AllGroupListTableViewController.swift */ = {isa = PBXFileReference; lastKnownFileType = sourcecode.swift; path = AllGroupListTableViewController.swift; sourceTree = "<group>"; };
		160C311B27A678F7002B24E2 /* FriendsListTableViewCell.swift */ = {isa = PBXFileReference; lastKnownFileType = sourcecode.swift; path = FriendsListTableViewCell.swift; sourceTree = "<group>"; };
		160C311C27A678F7002B24E2 /* FriendsListTableViewCell.xib */ = {isa = PBXFileReference; lastKnownFileType = file.xib; path = FriendsListTableViewCell.xib; sourceTree = "<group>"; };
		160C311F27A69E3E002B24E2 /* ProfilePhotoShadow.swift */ = {isa = PBXFileReference; lastKnownFileType = sourcecode.swift; path = ProfilePhotoShadow.swift; sourceTree = "<group>"; };
		160C312127A6B6C3002B24E2 /* ProfileViewController.swift */ = {isa = PBXFileReference; lastKnownFileType = sourcecode.swift; path = ProfileViewController.swift; sourceTree = "<group>"; };
		160C312327A701E2002B24E2 /* AlphabetUiControl.swift */ = {isa = PBXFileReference; lastKnownFileType = sourcecode.swift; path = AlphabetUiControl.swift; sourceTree = "<group>"; };
		164175B127AFB87B002C62A8 /* PostNews.swift */ = {isa = PBXFileReference; lastKnownFileType = sourcecode.swift; path = PostNews.swift; sourceTree = "<group>"; };
		164175B427AFB9BA002C62A8 /* NewsTableViewController.swift */ = {isa = PBXFileReference; lastKnownFileType = sourcecode.swift; path = NewsTableViewController.swift; sourceTree = "<group>"; };
		164175B627AFBAF1002C62A8 /* NewsTableViewCell.swift */ = {isa = PBXFileReference; lastKnownFileType = sourcecode.swift; path = NewsTableViewCell.swift; sourceTree = "<group>"; };
		164175B827AFC3A9002C62A8 /* AvatarView.swift */ = {isa = PBXFileReference; lastKnownFileType = sourcecode.swift; path = AvatarView.swift; sourceTree = "<group>"; };
		164175BA27AFCEF8002C62A8 /* LoadingView.swift */ = {isa = PBXFileReference; lastKnownFileType = sourcecode.swift; path = LoadingView.swift; sourceTree = "<group>"; };
		164175BC27AFD022002C62A8 /* test.swift */ = {isa = PBXFileReference; lastKnownFileType = sourcecode.swift; path = test.swift; sourceTree = "<group>"; };
		1677464127A7E6FC00C88929 /* LikeControl.swift */ = {isa = PBXFileReference; lastKnownFileType = sourcecode.swift; path = LikeControl.swift; sourceTree = "<group>"; };
		169318AA27944B310071AB22 /* FriendsTableViewController.swift */ = {isa = PBXFileReference; lastKnownFileType = sourcecode.swift; path = FriendsTableViewController.swift; sourceTree = "<group>"; };
		16BEB5F7278365DB00DD085E /* VK.app */ = {isa = PBXFileReference; explicitFileType = wrapper.application; includeInIndex = 0; path = VK.app; sourceTree = BUILT_PRODUCTS_DIR; };
		16BEB5FA278365DB00DD085E /* AppDelegate.swift */ = {isa = PBXFileReference; lastKnownFileType = sourcecode.swift; path = AppDelegate.swift; sourceTree = "<group>"; };
		16BEB5FC278365DB00DD085E /* SceneDelegate.swift */ = {isa = PBXFileReference; lastKnownFileType = sourcecode.swift; path = SceneDelegate.swift; sourceTree = "<group>"; };
		16BEB5FE278365DB00DD085E /* LoginViewController.swift */ = {isa = PBXFileReference; lastKnownFileType = sourcecode.swift; path = LoginViewController.swift; sourceTree = "<group>"; };
		16BEB601278365DB00DD085E /* Base */ = {isa = PBXFileReference; lastKnownFileType = file.storyboard; name = Base; path = Base.lproj/Main.storyboard; sourceTree = "<group>"; };
		16BEB603278365DC00DD085E /* Assets.xcassets */ = {isa = PBXFileReference; lastKnownFileType = folder.assetcatalog; path = Assets.xcassets; sourceTree = "<group>"; };
		16BEB606278365DC00DD085E /* Base */ = {isa = PBXFileReference; lastKnownFileType = file.storyboard; name = Base; path = Base.lproj/LaunchScreen.storyboard; sourceTree = "<group>"; };
		16BEB608278365DC00DD085E /* Info.plist */ = {isa = PBXFileReference; lastKnownFileType = text.plist.xml; path = Info.plist; sourceTree = "<group>"; };
/* End PBXFileReference section */

/* Begin PBXFrameworksBuildPhase section */
		16BEB5F4278365DB00DD085E /* Frameworks */ = {
			isa = PBXFrameworksBuildPhase;
			buildActionMask = 2147483647;
			files = (
			);
			runOnlyForDeploymentPostprocessing = 0;
		};
/* End PBXFrameworksBuildPhase section */

/* Begin PBXGroup section */
		160537D3279EBC6A00AC37BE /* Services */ = {
			isa = PBXGroup;
			children = (
				160537D5279EBD1A00AC37BE /* DataManager.swift */,
			);
			path = Services;
			sourceTree = "<group>";
		};
		160537D4279EBC7C00AC37BE /* Models */ = {
			isa = PBXGroup;
			children = (
				160537CD279DB8F900AC37BE /* User.swift */,
				160537CF279DB90A00AC37BE /* Group.swift */,
				164175B127AFB87B002C62A8 /* PostNews.swift */,
			);
			path = Models;
			sourceTree = "<group>";
		};
		160537DF27A0524B00AC37BE /* Friends */ = {
			isa = PBXGroup;
			children = (
				1677464127A7E6FC00C88929 /* LikeControl.swift */,
				160C311F27A69E3E002B24E2 /* ProfilePhotoShadow.swift */,
				160C311A27A678C1002B24E2 /* FriendsListCell */,
				160537E527A13CF400AC37BE /* Groups */,
				160537E027A0526600AC37BE /* FriendsPhotoCell */,
				169318AA27944B310071AB22 /* FriendsTableViewController.swift */,
				160537D7279EE45E00AC37BE /* PhotosCollectionViewController.swift */,
			);
			path = Friends;
			sourceTree = "<group>";
		};
		160537E027A0526600AC37BE /* FriendsPhotoCell */ = {
			isa = PBXGroup;
			children = (
				160537DB279EFD3100AC37BE /* PhotosCollectionViewCell.swift */,
				160537DC279EFD3100AC37BE /* PhotosCollectionViewCell.xib */,
			);
			path = FriendsPhotoCell;
			sourceTree = "<group>";
		};
		160537E527A13CF400AC37BE /* Groups */ = {
			isa = PBXGroup;
			children = (
				160537E127A052BA00AC37BE /* UserGroupTableViewController.swift */,
				160537E327A13CDC00AC37BE /* AllGroupListTableViewController.swift */,
			);
			path = Groups;
			sourceTree = "<group>";
		};
		160C311A27A678C1002B24E2 /* FriendsListCell */ = {
			isa = PBXGroup;
			children = (
				160C311B27A678F7002B24E2 /* FriendsListTableViewCell.swift */,
				160C311C27A678F7002B24E2 /* FriendsListTableViewCell.xib */,
			);
			path = FriendsListCell;
			sourceTree = "<group>";
		};
		164175B327AFB8CC002C62A8 /* News */ = {
			isa = PBXGroup;
			children = (
				164175B427AFB9BA002C62A8 /* NewsTableViewController.swift */,
				164175B627AFBAF1002C62A8 /* NewsTableViewCell.swift */,
				164175B827AFC3A9002C62A8 /* AvatarView.swift */,
			);
			path = News;
			sourceTree = "<group>";
		};
		16BEB5EE278365DB00DD085E = {
			isa = PBXGroup;
			children = (
				164175BC27AFD022002C62A8 /* test.swift */,
				16BEB5F9278365DB00DD085E /* VK */,
				16BEB5F8278365DB00DD085E /* Products */,
			);
			sourceTree = "<group>";
		};
		16BEB5F8278365DB00DD085E /* Products */ = {
			isa = PBXGroup;
			children = (
				16BEB5F7278365DB00DD085E /* VK.app */,
			);
			name = Products;
			sourceTree = "<group>";
		};
		16BEB5F9278365DB00DD085E /* VK */ = {
			isa = PBXGroup;
			children = (
				164175B327AFB8CC002C62A8 /* News */,
				160537DF27A0524B00AC37BE /* Friends */,
				160537D4279EBC7C00AC37BE /* Models */,
				160537D3279EBC6A00AC37BE /* Services */,
				16BEB5FA278365DB00DD085E /* AppDelegate.swift */,
				16BEB5FC278365DB00DD085E /* SceneDelegate.swift */,
				16BEB5FE278365DB00DD085E /* LoginViewController.swift */,
				16BEB600278365DB00DD085E /* Main.storyboard */,
				160C312327A701E2002B24E2 /* AlphabetUiControl.swift */,
				160C312127A6B6C3002B24E2 /* ProfileViewController.swift */,
				16BEB603278365DC00DD085E /* Assets.xcassets */,
				16BEB605278365DC00DD085E /* LaunchScreen.storyboard */,
				16BEB608278365DC00DD085E /* Info.plist */,
				164175BA27AFCEF8002C62A8 /* LoadingView.swift */,
			);
			path = VK;
			sourceTree = "<group>";
		};
/* End PBXGroup section */

/* Begin PBXNativeTarget section */
		16BEB5F6278365DB00DD085E /* VK */ = {
			isa = PBXNativeTarget;
			buildConfigurationList = 16BEB60B278365DC00DD085E /* Build configuration list for PBXNativeTarget "VK" */;
			buildPhases = (
				16BEB5F3278365DB00DD085E /* Sources */,
				16BEB5F4278365DB00DD085E /* Frameworks */,
				16BEB5F5278365DB00DD085E /* Resources */,
			);
			buildRules = (
			);
			dependencies = (
			);
			name = VK;
			productName = VK;
			productReference = 16BEB5F7278365DB00DD085E /* VK.app */;
			productType = "com.apple.product-type.application";
		};
/* End PBXNativeTarget section */

/* Begin PBXProject section */
		16BEB5EF278365DB00DD085E /* Project object */ = {
			isa = PBXProject;
			attributes = {
				BuildIndependentTargetsInParallel = 1;
				LastSwiftUpdateCheck = 1320;
				LastUpgradeCheck = 1320;
				TargetAttributes = {
					16BEB5F6278365DB00DD085E = {
						CreatedOnToolsVersion = 13.2.1;
					};
				};
			};
			buildConfigurationList = 16BEB5F2278365DB00DD085E /* Build configuration list for PBXProject "VK" */;
			compatibilityVersion = "Xcode 13.0";
			developmentRegion = en;
			hasScannedForEncodings = 0;
			knownRegions = (
				en,
				Base,
			);
			mainGroup = 16BEB5EE278365DB00DD085E;
			productRefGroup = 16BEB5F8278365DB00DD085E /* Products */;
			projectDirPath = "";
			projectRoot = "";
			targets = (
				16BEB5F6278365DB00DD085E /* VK */,
			);
		};
/* End PBXProject section */

/* Begin PBXResourcesBuildPhase section */
		16BEB5F5278365DB00DD085E /* Resources */ = {
			isa = PBXResourcesBuildPhase;
			buildActionMask = 2147483647;
			files = (
				16BEB607278365DC00DD085E /* LaunchScreen.storyboard in Resources */,
				160537DE279EFD3100AC37BE /* PhotosCollectionViewCell.xib in Resources */,
				160C311E27A678F7002B24E2 /* FriendsListTableViewCell.xib in Resources */,
				16BEB604278365DC00DD085E /* Assets.xcassets in Resources */,
				16BEB602278365DB00DD085E /* Main.storyboard in Resources */,
			);
			runOnlyForDeploymentPostprocessing = 0;
		};
/* End PBXResourcesBuildPhase section */

/* Begin PBXSourcesBuildPhase section */
		16BEB5F3278365DB00DD085E /* Sources */ = {
			isa = PBXSourcesBuildPhase;
			buildActionMask = 2147483647;
			files = (
				160C312427A701E2002B24E2 /* AlphabetUiControl.swift in Sources */,
				16BEB5FF278365DB00DD085E /* LoginViewController.swift in Sources */,
				1677464227A7E6FC00C88929 /* LikeControl.swift in Sources */,
				16BEB5FB278365DB00DD085E /* AppDelegate.swift in Sources */,
				160537DD279EFD3100AC37BE /* PhotosCollectionViewCell.swift in Sources */,
				164175BB27AFCEF8002C62A8 /* LoadingView.swift in Sources */,
				160C311D27A678F7002B24E2 /* FriendsListTableViewCell.swift in Sources */,
				160C312227A6B6C3002B24E2 /* ProfileViewController.swift in Sources */,
				169318AB27944B310071AB22 /* FriendsTableViewController.swift in Sources */,
				164175B527AFB9BA002C62A8 /* NewsTableViewController.swift in Sources */,
				164175B227AFB87B002C62A8 /* PostNews.swift in Sources */,
				160C312027A69E3F002B24E2 /* ProfilePhotoShadow.swift in Sources */,
				160537D6279EBD1A00AC37BE /* DataManager.swift in Sources */,
				160537D0279DB90A00AC37BE /* Group.swift in Sources */,
				164175B927AFC3A9002C62A8 /* AvatarView.swift in Sources */,
				160537E427A13CDC00AC37BE /* AllGroupListTableViewController.swift in Sources */,
				160537E227A052BA00AC37BE /* UserGroupTableViewController.swift in Sources */,
				160537CE279DB8F900AC37BE /* User.swift in Sources */,
				16BEB5FD278365DB00DD085E /* SceneDelegate.swift in Sources */,
				160537D8279EE45E00AC37BE /* PhotosCollectionViewController.swift in Sources */,
				164175B727AFBAF1002C62A8 /* NewsTableViewCell.swift in Sources */,
				164175BD27AFD022002C62A8 /* test.swift in Sources */,
			);
			runOnlyForDeploymentPostprocessing = 0;
		};
/* End PBXSourcesBuildPhase section */

/* Begin PBXVariantGroup section */
		16BEB600278365DB00DD085E /* Main.storyboard */ = {
			isa = PBXVariantGroup;
			children = (
				16BEB601278365DB00DD085E /* Base */,
			);
			name = Main.storyboard;
			sourceTree = "<group>";
		};
		16BEB605278365DC00DD085E /* LaunchScreen.storyboard */ = {
			isa = PBXVariantGroup;
			children = (
				16BEB606278365DC00DD085E /* Base */,
			);
			name = LaunchScreen.storyboard;
			sourceTree = "<group>";
		};
/* End PBXVariantGroup section */

/* Begin XCBuildConfiguration section */
		16BEB609278365DC00DD085E /* Debug */ = {
			isa = XCBuildConfiguration;
			buildSettings = {
				ALWAYS_SEARCH_USER_PATHS = NO;
				CLANG_ANALYZER_NONNULL = YES;
				CLANG_ANALYZER_NUMBER_OBJECT_CONVERSION = YES_AGGRESSIVE;
				CLANG_CXX_LANGUAGE_STANDARD = "gnu++17";
				CLANG_CXX_LIBRARY = "libc++";
				CLANG_ENABLE_MODULES = YES;
				CLANG_ENABLE_OBJC_ARC = YES;
				CLANG_ENABLE_OBJC_WEAK = YES;
				CLANG_WARN_BLOCK_CAPTURE_AUTORELEASING = YES;
				CLANG_WARN_BOOL_CONVERSION = YES;
				CLANG_WARN_COMMA = YES;
				CLANG_WARN_CONSTANT_CONVERSION = YES;
				CLANG_WARN_DEPRECATED_OBJC_IMPLEMENTATIONS = YES;
				CLANG_WARN_DIRECT_OBJC_ISA_USAGE = YES_ERROR;
				CLANG_WARN_DOCUMENTATION_COMMENTS = YES;
				CLANG_WARN_EMPTY_BODY = YES;
				CLANG_WARN_ENUM_CONVERSION = YES;
				CLANG_WARN_INFINITE_RECURSION = YES;
				CLANG_WARN_INT_CONVERSION = YES;
				CLANG_WARN_NON_LITERAL_NULL_CONVERSION = YES;
				CLANG_WARN_OBJC_IMPLICIT_RETAIN_SELF = YES;
				CLANG_WARN_OBJC_LITERAL_CONVERSION = YES;
				CLANG_WARN_OBJC_ROOT_CLASS = YES_ERROR;
				CLANG_WARN_QUOTED_INCLUDE_IN_FRAMEWORK_HEADER = YES;
				CLANG_WARN_RANGE_LOOP_ANALYSIS = YES;
				CLANG_WARN_STRICT_PROTOTYPES = YES;
				CLANG_WARN_SUSPICIOUS_MOVE = YES;
				CLANG_WARN_UNGUARDED_AVAILABILITY = YES_AGGRESSIVE;
				CLANG_WARN_UNREACHABLE_CODE = YES;
				CLANG_WARN__DUPLICATE_METHOD_MATCH = YES;
				COPY_PHASE_STRIP = NO;
				DEBUG_INFORMATION_FORMAT = dwarf;
				ENABLE_STRICT_OBJC_MSGSEND = YES;
				ENABLE_TESTABILITY = YES;
				GCC_C_LANGUAGE_STANDARD = gnu11;
				GCC_DYNAMIC_NO_PIC = NO;
				GCC_NO_COMMON_BLOCKS = YES;
				GCC_OPTIMIZATION_LEVEL = 0;
				GCC_PREPROCESSOR_DEFINITIONS = (
					"DEBUG=1",
					"$(inherited)",
				);
				GCC_WARN_64_TO_32_BIT_CONVERSION = YES;
				GCC_WARN_ABOUT_RETURN_TYPE = YES_ERROR;
				GCC_WARN_UNDECLARED_SELECTOR = YES;
				GCC_WARN_UNINITIALIZED_AUTOS = YES_AGGRESSIVE;
				GCC_WARN_UNUSED_FUNCTION = YES;
				GCC_WARN_UNUSED_VARIABLE = YES;
				IPHONEOS_DEPLOYMENT_TARGET = 15.2;
				MTL_ENABLE_DEBUG_INFO = INCLUDE_SOURCE;
				MTL_FAST_MATH = YES;
				ONLY_ACTIVE_ARCH = YES;
				SDKROOT = iphoneos;
				SWIFT_ACTIVE_COMPILATION_CONDITIONS = DEBUG;
				SWIFT_OPTIMIZATION_LEVEL = "-Onone";
			};
			name = Debug;
		};
		16BEB60A278365DC00DD085E /* Release */ = {
			isa = XCBuildConfiguration;
			buildSettings = {
				ALWAYS_SEARCH_USER_PATHS = NO;
				CLANG_ANALYZER_NONNULL = YES;
				CLANG_ANALYZER_NUMBER_OBJECT_CONVERSION = YES_AGGRESSIVE;
				CLANG_CXX_LANGUAGE_STANDARD = "gnu++17";
				CLANG_CXX_LIBRARY = "libc++";
				CLANG_ENABLE_MODULES = YES;
				CLANG_ENABLE_OBJC_ARC = YES;
				CLANG_ENABLE_OBJC_WEAK = YES;
				CLANG_WARN_BLOCK_CAPTURE_AUTORELEASING = YES;
				CLANG_WARN_BOOL_CONVERSION = YES;
				CLANG_WARN_COMMA = YES;
				CLANG_WARN_CONSTANT_CONVERSION = YES;
				CLANG_WARN_DEPRECATED_OBJC_IMPLEMENTATIONS = YES;
				CLANG_WARN_DIRECT_OBJC_ISA_USAGE = YES_ERROR;
				CLANG_WARN_DOCUMENTATION_COMMENTS = YES;
				CLANG_WARN_EMPTY_BODY = YES;
				CLANG_WARN_ENUM_CONVERSION = YES;
				CLANG_WARN_INFINITE_RECURSION = YES;
				CLANG_WARN_INT_CONVERSION = YES;
				CLANG_WARN_NON_LITERAL_NULL_CONVERSION = YES;
				CLANG_WARN_OBJC_IMPLICIT_RETAIN_SELF = YES;
				CLANG_WARN_OBJC_LITERAL_CONVERSION = YES;
				CLANG_WARN_OBJC_ROOT_CLASS = YES_ERROR;
				CLANG_WARN_QUOTED_INCLUDE_IN_FRAMEWORK_HEADER = YES;
				CLANG_WARN_RANGE_LOOP_ANALYSIS = YES;
				CLANG_WARN_STRICT_PROTOTYPES = YES;
				CLANG_WARN_SUSPICIOUS_MOVE = YES;
				CLANG_WARN_UNGUARDED_AVAILABILITY = YES_AGGRESSIVE;
				CLANG_WARN_UNREACHABLE_CODE = YES;
				CLANG_WARN__DUPLICATE_METHOD_MATCH = YES;
				COPY_PHASE_STRIP = NO;
				DEBUG_INFORMATION_FORMAT = "dwarf-with-dsym";
				ENABLE_NS_ASSERTIONS = NO;
				ENABLE_STRICT_OBJC_MSGSEND = YES;
				GCC_C_LANGUAGE_STANDARD = gnu11;
				GCC_NO_COMMON_BLOCKS = YES;
				GCC_WARN_64_TO_32_BIT_CONVERSION = YES;
				GCC_WARN_ABOUT_RETURN_TYPE = YES_ERROR;
				GCC_WARN_UNDECLARED_SELECTOR = YES;
				GCC_WARN_UNINITIALIZED_AUTOS = YES_AGGRESSIVE;
				GCC_WARN_UNUSED_FUNCTION = YES;
				GCC_WARN_UNUSED_VARIABLE = YES;
				IPHONEOS_DEPLOYMENT_TARGET = 15.2;
				MTL_ENABLE_DEBUG_INFO = NO;
				MTL_FAST_MATH = YES;
				SDKROOT = iphoneos;
				SWIFT_COMPILATION_MODE = wholemodule;
				SWIFT_OPTIMIZATION_LEVEL = "-O";
				VALIDATE_PRODUCT = YES;
			};
			name = Release;
		};
		16BEB60C278365DC00DD085E /* Debug */ = {
			isa = XCBuildConfiguration;
			buildSettings = {
				ASSETCATALOG_COMPILER_APPICON_NAME = AppIcon;
				ASSETCATALOG_COMPILER_GLOBAL_ACCENT_COLOR_NAME = AccentColor;
				CODE_SIGN_STYLE = Automatic;
				CURRENT_PROJECT_VERSION = 1;
				DEVELOPMENT_TEAM = RCLZH6K9FL;
				GENERATE_INFOPLIST_FILE = YES;
				INFOPLIST_FILE = VK/Info.plist;
				INFOPLIST_KEY_UIApplicationSupportsIndirectInputEvents = YES;
				INFOPLIST_KEY_UILaunchStoryboardName = LaunchScreen;
				INFOPLIST_KEY_UIMainStoryboardFile = Main;
				INFOPLIST_KEY_UISupportedInterfaceOrientations = "UIInterfaceOrientationPortrait UIInterfaceOrientationLandscapeLeft UIInterfaceOrientationLandscapeRight";
				INFOPLIST_KEY_UISupportedInterfaceOrientations_iPad = "UIInterfaceOrientationPortrait UIInterfaceOrientationPortraitUpsideDown UIInterfaceOrientationLandscapeLeft UIInterfaceOrientationLandscapeRight";
				INFOPLIST_KEY_UISupportedInterfaceOrientations_iPhone = "UIInterfaceOrientationPortrait UIInterfaceOrientationLandscapeLeft UIInterfaceOrientationLandscapeRight";
				LD_RUNPATH_SEARCH_PATHS = (
					"$(inherited)",
					"@executable_path/Frameworks",
				);
				MARKETING_VERSION = 1.0;
				PRODUCT_BUNDLE_IDENTIFIER = ya.VK;
				PRODUCT_NAME = "$(TARGET_NAME)";
				SWIFT_EMIT_LOC_STRINGS = YES;
				SWIFT_VERSION = 5.0;
				TARGETED_DEVICE_FAMILY = 1;
			};
			name = Debug;
		};
		16BEB60D278365DC00DD085E /* Release */ = {
			isa = XCBuildConfiguration;
			buildSettings = {
				ASSETCATALOG_COMPILER_APPICON_NAME = AppIcon;
				ASSETCATALOG_COMPILER_GLOBAL_ACCENT_COLOR_NAME = AccentColor;
				CODE_SIGN_STYLE = Automatic;
				CURRENT_PROJECT_VERSION = 1;
				DEVELOPMENT_TEAM = RCLZH6K9FL;
				GENERATE_INFOPLIST_FILE = YES;
				INFOPLIST_FILE = VK/Info.plist;
				INFOPLIST_KEY_UIApplicationSupportsIndirectInputEvents = YES;
				INFOPLIST_KEY_UILaunchStoryboardName = LaunchScreen;
				INFOPLIST_KEY_UIMainStoryboardFile = Main;
				INFOPLIST_KEY_UISupportedInterfaceOrientations = "UIInterfaceOrientationPortrait UIInterfaceOrientationLandscapeLeft UIInterfaceOrientationLandscapeRight";
				INFOPLIST_KEY_UISupportedInterfaceOrientations_iPad = "UIInterfaceOrientationPortrait UIInterfaceOrientationPortraitUpsideDown UIInterfaceOrientationLandscapeLeft UIInterfaceOrientationLandscapeRight";
				INFOPLIST_KEY_UISupportedInterfaceOrientations_iPhone = "UIInterfaceOrientationPortrait UIInterfaceOrientationLandscapeLeft UIInterfaceOrientationLandscapeRight";
				LD_RUNPATH_SEARCH_PATHS = (
					"$(inherited)",
					"@executable_path/Frameworks",
				);
				MARKETING_VERSION = 1.0;
				PRODUCT_BUNDLE_IDENTIFIER = ya.VK;
				PRODUCT_NAME = "$(TARGET_NAME)";
				SWIFT_EMIT_LOC_STRINGS = YES;
				SWIFT_VERSION = 5.0;
				TARGETED_DEVICE_FAMILY = 1;
			};
			name = Release;
		};
/* End XCBuildConfiguration section */

/* Begin XCConfigurationList section */
		16BEB5F2278365DB00DD085E /* Build configuration list for PBXProject "VK" */ = {
			isa = XCConfigurationList;
			buildConfigurations = (
				16BEB609278365DC00DD085E /* Debug */,
				16BEB60A278365DC00DD085E /* Release */,
			);
			defaultConfigurationIsVisible = 0;
			defaultConfigurationName = Release;
		};
		16BEB60B278365DC00DD085E /* Build configuration list for PBXNativeTarget "VK" */ = {
			isa = XCConfigurationList;
			buildConfigurations = (
				16BEB60C278365DC00DD085E /* Debug */,
				16BEB60D278365DC00DD085E /* Release */,
			);
			defaultConfigurationIsVisible = 0;
			defaultConfigurationName = Release;
		};
/* End XCConfigurationList section */
	};
	rootObject = 16BEB5EF278365DB00DD085E /* Project object */;
}
